// !$*UTF8*$!
{
	archiveVersion = 1;
	classes = {
	};
	objectVersion = 50;
	objects = {

/* Begin PBXBuildFile section */
		A817EDD0267A2AC900B037A3 /* Game.swift in Sources */ = {isa = PBXBuildFile; fileRef = A817EDCF267A2AC900B037A3 /* Game.swift */; };
		A817EDD9267A55FF00B037A3 /* BullseyeTests.swift in Sources */ = {isa = PBXBuildFile; fileRef = A817EDD8267A55FF00B037A3 /* BullseyeTests.swift */; };
		A8415A28267819F80057170E /* BullseyeApp.swift in Sources */ = {isa = PBXBuildFile; fileRef = A8415A27267819F80057170E /* BullseyeApp.swift */; };
		A8415A2A267819F80057170E /* ContentView.swift in Sources */ = {isa = PBXBuildFile; fileRef = A8415A29267819F80057170E /* ContentView.swift */; };
		A8415A2C267819F90057170E /* Assets.xcassets in Resources */ = {isa = PBXBuildFile; fileRef = A8415A2B267819F90057170E /* Assets.xcassets */; };
		A8415A2F267819F90057170E /* Preview Assets.xcassets in Resources */ = {isa = PBXBuildFile; fileRef = A8415A2E267819F90057170E /* Preview Assets.xcassets */; };
		A842774F267B977100C35431 /* TextViews.swift in Sources */ = {isa = PBXBuildFile; fileRef = A842774E267B977100C35431 /* TextViews.swift */; };
		A8427753267BA31000C35431 /* RoundedViews.swift in Sources */ = {isa = PBXBuildFile; fileRef = A8427752267BA31000C35431 /* RoundedViews.swift */; };
		A8427757267BB07300C35431 /* BackgroundView.swift in Sources */ = {isa = PBXBuildFile; fileRef = A8427756267BB07300C35431 /* BackgroundView.swift */; };
		A882E9352680D78E001EB949 /* Shapes.swift in Sources */ = {isa = PBXBuildFile; fileRef = A882E9342680D78E001EB949 /* Shapes.swift */; };
		A882E939268107AB001EB949 /* Constants.swift in Sources */ = {isa = PBXBuildFile; fileRef = A882E938268107AB001EB949 /* Constants.swift */; };
		A882E93F26820F88001EB949 /* LeaderboardView.swift in Sources */ = {isa = PBXBuildFile; fileRef = A882E93E26820F88001EB949 /* LeaderboardView.swift */; };
		A8DD5FAD267F8B4D00D48122 /* PointsView.swift in Sources */ = {isa = PBXBuildFile; fileRef = A8DD5FAC267F8B4D00D48122 /* PointsView.swift */; };
/* End PBXBuildFile section */

/* Begin PBXContainerItemProxy section */
		A817EDDB267A55FF00B037A3 /* PBXContainerItemProxy */ = {
			isa = PBXContainerItemProxy;
			containerPortal = A8415A1C267819F80057170E /* Project object */;
			proxyType = 1;
			remoteGlobalIDString = A8415A23267819F80057170E;
			remoteInfo = Bullseye;
		};
/* End PBXContainerItemProxy section */

/* Begin PBXFileReference section */
		A817EDCF267A2AC900B037A3 /* Game.swift */ = {isa = PBXFileReference; lastKnownFileType = sourcecode.swift; path = Game.swift; sourceTree = "<group>"; };
		A817EDD6267A55FF00B037A3 /* BullseyeTests.xctest */ = {isa = PBXFileReference; explicitFileType = wrapper.cfbundle; includeInIndex = 0; path = BullseyeTests.xctest; sourceTree = BUILT_PRODUCTS_DIR; };
		A817EDD8267A55FF00B037A3 /* BullseyeTests.swift */ = {isa = PBXFileReference; lastKnownFileType = sourcecode.swift; path = BullseyeTests.swift; sourceTree = "<group>"; };
		A817EDDA267A55FF00B037A3 /* Info.plist */ = {isa = PBXFileReference; lastKnownFileType = text.plist.xml; path = Info.plist; sourceTree = "<group>"; };
		A8415A24267819F80057170E /* Bullseye.app */ = {isa = PBXFileReference; explicitFileType = wrapper.application; includeInIndex = 0; path = Bullseye.app; sourceTree = BUILT_PRODUCTS_DIR; };
		A8415A27267819F80057170E /* BullseyeApp.swift */ = {isa = PBXFileReference; lastKnownFileType = sourcecode.swift; path = BullseyeApp.swift; sourceTree = "<group>"; };
		A8415A29267819F80057170E /* ContentView.swift */ = {isa = PBXFileReference; lastKnownFileType = sourcecode.swift; path = ContentView.swift; sourceTree = "<group>"; };
		A8415A2B267819F90057170E /* Assets.xcassets */ = {isa = PBXFileReference; lastKnownFileType = folder.assetcatalog; path = Assets.xcassets; sourceTree = "<group>"; };
		A8415A2E267819F90057170E /* Preview Assets.xcassets */ = {isa = PBXFileReference; lastKnownFileType = folder.assetcatalog; path = "Preview Assets.xcassets"; sourceTree = "<group>"; };
		A8415A30267819F90057170E /* Info.plist */ = {isa = PBXFileReference; lastKnownFileType = text.plist.xml; path = Info.plist; sourceTree = "<group>"; };
		A842774E267B977100C35431 /* TextViews.swift */ = {isa = PBXFileReference; lastKnownFileType = sourcecode.swift; path = TextViews.swift; sourceTree = "<group>"; };
		A8427752267BA31000C35431 /* RoundedViews.swift */ = {isa = PBXFileReference; lastKnownFileType = sourcecode.swift; path = RoundedViews.swift; sourceTree = "<group>"; };
		A8427756267BB07300C35431 /* BackgroundView.swift */ = {isa = PBXFileReference; lastKnownFileType = sourcecode.swift; path = BackgroundView.swift; sourceTree = "<group>"; };
		A882E9342680D78E001EB949 /* Shapes.swift */ = {isa = PBXFileReference; lastKnownFileType = sourcecode.swift; path = Shapes.swift; sourceTree = "<group>"; };
		A882E938268107AB001EB949 /* Constants.swift */ = {isa = PBXFileReference; lastKnownFileType = sourcecode.swift; path = Constants.swift; sourceTree = "<group>"; };
		A882E93E26820F88001EB949 /* LeaderboardView.swift */ = {isa = PBXFileReference; lastKnownFileType = sourcecode.swift; path = LeaderboardView.swift; sourceTree = "<group>"; };
		A8DD5FAC267F8B4D00D48122 /* PointsView.swift */ = {isa = PBXFileReference; lastKnownFileType = sourcecode.swift; path = PointsView.swift; sourceTree = "<group>"; };
/* End PBXFileReference section */

/* Begin PBXFrameworksBuildPhase section */
		A817EDD3267A55FF00B037A3 /* Frameworks */ = {
			isa = PBXFrameworksBuildPhase;
			buildActionMask = 2147483647;
			files = (
			);
			runOnlyForDeploymentPostprocessing = 0;
		};
		A8415A21267819F80057170E /* Frameworks */ = {
			isa = PBXFrameworksBuildPhase;
			buildActionMask = 2147483647;
			files = (
			);
			runOnlyForDeploymentPostprocessing = 0;
		};
/* End PBXFrameworksBuildPhase section */

/* Begin PBXGroup section */
		A817EDCA267A29D000B037A3 /* Models */ = {
			isa = PBXGroup;
			children = (
				A817EDCF267A2AC900B037A3 /* Game.swift */,
				A882E938268107AB001EB949 /* Constants.swift */,
			);
			path = Models;
			sourceTree = "<group>";
		};
		A817EDCB267A29F000B037A3 /* Views */ = {
			isa = PBXGroup;
			children = (
				A8415A29267819F80057170E /* ContentView.swift */,
				A842774E267B977100C35431 /* TextViews.swift */,
				A8427752267BA31000C35431 /* RoundedViews.swift */,
				A8427756267BB07300C35431 /* BackgroundView.swift */,
				A8DD5FAC267F8B4D00D48122 /* PointsView.swift */,
				A882E9342680D78E001EB949 /* Shapes.swift */,
				A882E93E26820F88001EB949 /* LeaderboardView.swift */,
			);
			path = Views;
			sourceTree = "<group>";
		};
		A817EDCC267A2A0A00B037A3 /* App */ = {
			isa = PBXGroup;
			children = (
				A8415A27267819F80057170E /* BullseyeApp.swift */,
				A8415A2B267819F90057170E /* Assets.xcassets */,
				A8415A30267819F90057170E /* Info.plist */,
			);
			path = App;
			sourceTree = "<group>";
		};
		A817EDD7267A55FF00B037A3 /* BullseyeTests */ = {
			isa = PBXGroup;
			children = (
				A817EDD8267A55FF00B037A3 /* BullseyeTests.swift */,
				A817EDDA267A55FF00B037A3 /* Info.plist */,
			);
			path = BullseyeTests;
			sourceTree = "<group>";
		};
		A8415A1B267819F80057170E = {
			isa = PBXGroup;
			children = (
				A8415A26267819F80057170E /* Bullseye */,
				A817EDD7267A55FF00B037A3 /* BullseyeTests */,
				A8415A25267819F80057170E /* Products */,
			);
			sourceTree = "<group>";
		};
		A8415A25267819F80057170E /* Products */ = {
			isa = PBXGroup;
			children = (
				A8415A24267819F80057170E /* Bullseye.app */,
				A817EDD6267A55FF00B037A3 /* BullseyeTests.xctest */,
			);
			name = Products;
			sourceTree = "<group>";
		};
		A8415A26267819F80057170E /* Bullseye */ = {
			isa = PBXGroup;
			children = (
				A817EDCC267A2A0A00B037A3 /* App */,
				A817EDCB267A29F000B037A3 /* Views */,
				A817EDCA267A29D000B037A3 /* Models */,
				A8415A2D267819F90057170E /* Preview Content */,
			);
			path = Bullseye;
			sourceTree = "<group>";
		};
		A8415A2D267819F90057170E /* Preview Content */ = {
			isa = PBXGroup;
			children = (
				A8415A2E267819F90057170E /* Preview Assets.xcassets */,
			);
			path = "Preview Content";
			sourceTree = "<group>";
		};
/* End PBXGroup section */

/* Begin PBXNativeTarget section */
		A817EDD5267A55FF00B037A3 /* BullseyeTests */ = {
			isa = PBXNativeTarget;
			buildConfigurationList = A817EDDD267A55FF00B037A3 /* Build configuration list for PBXNativeTarget "BullseyeTests" */;
			buildPhases = (
				A817EDD2267A55FF00B037A3 /* Sources */,
				A817EDD3267A55FF00B037A3 /* Frameworks */,
				A817EDD4267A55FF00B037A3 /* Resources */,
			);
			buildRules = (
			);
			dependencies = (
				A817EDDC267A55FF00B037A3 /* PBXTargetDependency */,
			);
			name = BullseyeTests;
			productName = BullseyeTests;
			productReference = A817EDD6267A55FF00B037A3 /* BullseyeTests.xctest */;
			productType = "com.apple.product-type.bundle.unit-test";
		};
		A8415A23267819F80057170E /* Bullseye */ = {
			isa = PBXNativeTarget;
			buildConfigurationList = A8415A33267819F90057170E /* Build configuration list for PBXNativeTarget "Bullseye" */;
			buildPhases = (
				A8415A20267819F80057170E /* Sources */,
				A8415A21267819F80057170E /* Frameworks */,
				A8415A22267819F80057170E /* Resources */,
			);
			buildRules = (
			);
			dependencies = (
			);
			name = Bullseye;
			productName = Bullseye;
			productReference = A8415A24267819F80057170E /* Bullseye.app */;
			productType = "com.apple.product-type.application";
		};
/* End PBXNativeTarget section */

/* Begin PBXProject section */
		A8415A1C267819F80057170E /* Project object */ = {
			isa = PBXProject;
			attributes = {
				LastSwiftUpdateCheck = 1240;
				LastUpgradeCheck = 1240;
				TargetAttributes = {
					A817EDD5267A55FF00B037A3 = {
						CreatedOnToolsVersion = 12.4;
						TestTargetID = A8415A23267819F80057170E;
					};
					A8415A23267819F80057170E = {
						CreatedOnToolsVersion = 12.4;
					};
				};
			};
			buildConfigurationList = A8415A1F267819F80057170E /* Build configuration list for PBXProject "Bullseye" */;
			compatibilityVersion = "Xcode 9.3";
			developmentRegion = en;
			hasScannedForEncodings = 0;
			knownRegions = (
				en,
				Base,
			);
			mainGroup = A8415A1B267819F80057170E;
			productRefGroup = A8415A25267819F80057170E /* Products */;
			projectDirPath = "";
			projectRoot = "";
			targets = (
				A8415A23267819F80057170E /* Bullseye */,
				A817EDD5267A55FF00B037A3 /* BullseyeTests */,
			);
		};
/* End PBXProject section */

/* Begin PBXResourcesBuildPhase section */
		A817EDD4267A55FF00B037A3 /* Resources */ = {
			isa = PBXResourcesBuildPhase;
			buildActionMask = 2147483647;
			files = (
			);
			runOnlyForDeploymentPostprocessing = 0;
		};
		A8415A22267819F80057170E /* Resources */ = {
			isa = PBXResourcesBuildPhase;
			buildActionMask = 2147483647;
			files = (
				A8415A2F267819F90057170E /* Preview Assets.xcassets in Resources */,
				A8415A2C267819F90057170E /* Assets.xcassets in Resources */,
			);
			runOnlyForDeploymentPostprocessing = 0;
		};
/* End PBXResourcesBuildPhase section */

/* Begin PBXSourcesBuildPhase section */
		A817EDD2267A55FF00B037A3 /* Sources */ = {
			isa = PBXSourcesBuildPhase;
			buildActionMask = 2147483647;
			files = (
				A817EDD9267A55FF00B037A3 /* BullseyeTests.swift in Sources */,
			);
			runOnlyForDeploymentPostprocessing = 0;
		};
		A8415A20267819F80057170E /* Sources */ = {
			isa = PBXSourcesBuildPhase;
			buildActionMask = 2147483647;
			files = (
				A882E93F26820F88001EB949 /* LeaderboardView.swift in Sources */,
				A8427757267BB07300C35431 /* BackgroundView.swift in Sources */,
				A8415A2A267819F80057170E /* ContentView.swift in Sources */,
				A842774F267B977100C35431 /* TextViews.swift in Sources */,
				A882E9352680D78E001EB949 /* Shapes.swift in Sources */,
				A8427753267BA31000C35431 /* RoundedViews.swift in Sources */,
				A8DD5FAD267F8B4D00D48122 /* PointsView.swift in Sources */,
				A882E939268107AB001EB949 /* Constants.swift in Sources */,
				A817EDD0267A2AC900B037A3 /* Game.swift in Sources */,
				A8415A28267819F80057170E /* BullseyeApp.swift in Sources */,
			);
			runOnlyForDeploymentPostprocessing = 0;
		};
/* End PBXSourcesBuildPhase section */

/* Begin PBXTargetDependency section */
		A817EDDC267A55FF00B037A3 /* PBXTargetDependency */ = {
			isa = PBXTargetDependency;
			target = A8415A23267819F80057170E /* Bullseye */;
			targetProxy = A817EDDB267A55FF00B037A3 /* PBXContainerItemProxy */;
		};
/* End PBXTargetDependency section */

/* Begin XCBuildConfiguration section */
		A817EDDE267A55FF00B037A3 /* Debug */ = {
			isa = XCBuildConfiguration;
			buildSettings = {
				BUNDLE_LOADER = "$(TEST_HOST)";
				CODE_SIGN_STYLE = Automatic;
				DEVELOPMENT_TEAM = L55NV7NS3V;
				INFOPLIST_FILE = BullseyeTests/Info.plist;
				LD_RUNPATH_SEARCH_PATHS = (
					"$(inherited)",
					"@executable_path/Frameworks",
					"@loader_path/Frameworks",
				);
				PRODUCT_BUNDLE_IDENTIFIER = com.rijidco.BullseyeTests;
				PRODUCT_NAME = "$(TARGET_NAME)";
				SWIFT_VERSION = 5.0;
				TARGETED_DEVICE_FAMILY = "1,2";
				TEST_HOST = "$(BUILT_PRODUCTS_DIR)/Bullseye.app/Bullseye";
			};
			name = Debug;
		};
		A817EDDF267A55FF00B037A3 /* Release */ = {
			isa = XCBuildConfiguration;
			buildSettings = {
				BUNDLE_LOADER = "$(TEST_HOST)";
				CODE_SIGN_STYLE = Automatic;
				DEVELOPMENT_TEAM = L55NV7NS3V;
				INFOPLIST_FILE = BullseyeTests/Info.plist;
				LD_RUNPATH_SEARCH_PATHS = (
					"$(inherited)",
					"@executable_path/Frameworks",
					"@loader_path/Frameworks",
				);
				PRODUCT_BUNDLE_IDENTIFIER = com.rijidco.BullseyeTests;
				PRODUCT_NAME = "$(TARGET_NAME)";
				SWIFT_VERSION = 5.0;
				TARGETED_DEVICE_FAMILY = "1,2";
				TEST_HOST = "$(BUILT_PRODUCTS_DIR)/Bullseye.app/Bullseye";
			};
			name = Release;
		};
		A8415A31267819F90057170E /* Debug */ = {
			isa = XCBuildConfiguration;
			buildSettings = {
				ALWAYS_SEARCH_USER_PATHS = NO;
				CLANG_ANALYZER_NONNULL = YES;
				CLANG_ANALYZER_NUMBER_OBJECT_CONVERSION = YES_AGGRESSIVE;
				CLANG_CXX_LANGUAGE_STANDARD = "gnu++14";
				CLANG_CXX_LIBRARY = "libc++";
				CLANG_ENABLE_MODULES = YES;
				CLANG_ENABLE_OBJC_ARC = YES;
				CLANG_ENABLE_OBJC_WEAK = YES;
				CLANG_WARN_BLOCK_CAPTURE_AUTORELEASING = YES;
				CLANG_WARN_BOOL_CONVERSION = YES;
				CLANG_WARN_COMMA = YES;
				CLANG_WARN_CONSTANT_CONVERSION = YES;
				CLANG_WARN_DEPRECATED_OBJC_IMPLEMENTATIONS = YES;
				CLANG_WARN_DIRECT_OBJC_ISA_USAGE = YES_ERROR;
				CLANG_WARN_DOCUMENTATION_COMMENTS = YES;
				CLANG_WARN_EMPTY_BODY = YES;
				CLANG_WARN_ENUM_CONVERSION = YES;
				CLANG_WARN_INFINITE_RECURSION = YES;
				CLANG_WARN_INT_CONVERSION = YES;
				CLANG_WARN_NON_LITERAL_NULL_CONVERSION = YES;
				CLANG_WARN_OBJC_IMPLICIT_RETAIN_SELF = YES;
				CLANG_WARN_OBJC_LITERAL_CONVERSION = YES;
				CLANG_WARN_OBJC_ROOT_CLASS = YES_ERROR;
				CLANG_WARN_QUOTED_INCLUDE_IN_FRAMEWORK_HEADER = YES;
				CLANG_WARN_RANGE_LOOP_ANALYSIS = YES;
				CLANG_WARN_STRICT_PROTOTYPES = YES;
				CLANG_WARN_SUSPICIOUS_MOVE = YES;
				CLANG_WARN_UNGUARDED_AVAILABILITY = YES_AGGRESSIVE;
				CLANG_WARN_UNREACHABLE_CODE = YES;
				CLANG_WARN__DUPLICATE_METHOD_MATCH = YES;
				COPY_PHASE_STRIP = NO;
				DEBUG_INFORMATION_FORMAT = dwarf;
				ENABLE_STRICT_OBJC_MSGSEND = YES;
				ENABLE_TESTABILITY = YES;
				GCC_C_LANGUAGE_STANDARD = gnu11;
				GCC_DYNAMIC_NO_PIC = NO;
				GCC_NO_COMMON_BLOCKS = YES;
				GCC_OPTIMIZATION_LEVEL = 0;
				GCC_PREPROCESSOR_DEFINITIONS = (
					"DEBUG=1",
					"$(inherited)",
				);
				GCC_WARN_64_TO_32_BIT_CONVERSION = YES;
				GCC_WARN_ABOUT_RETURN_TYPE = YES_ERROR;
				GCC_WARN_UNDECLARED_SELECTOR = YES;
				GCC_WARN_UNINITIALIZED_AUTOS = YES_AGGRESSIVE;
				GCC_WARN_UNUSED_FUNCTION = YES;
				GCC_WARN_UNUSED_VARIABLE = YES;
				IPHONEOS_DEPLOYMENT_TARGET = 14.4;
				MTL_ENABLE_DEBUG_INFO = INCLUDE_SOURCE;
				MTL_FAST_MATH = YES;
				ONLY_ACTIVE_ARCH = YES;
				SDKROOT = iphoneos;
				SWIFT_ACTIVE_COMPILATION_CONDITIONS = DEBUG;
				SWIFT_OPTIMIZATION_LEVEL = "-Onone";
			};
			name = Debug;
		};
		A8415A32267819F90057170E /* Release */ = {
			isa = XCBuildConfiguration;
			buildSettings = {
				ALWAYS_SEARCH_USER_PATHS = NO;
				CLANG_ANALYZER_NONNULL = YES;
				CLANG_ANALYZER_NUMBER_OBJECT_CONVERSION = YES_AGGRESSIVE;
				CLANG_CXX_LANGUAGE_STANDARD = "gnu++14";
				CLANG_CXX_LIBRARY = "libc++";
				CLANG_ENABLE_MODULES = YES;
				CLANG_ENABLE_OBJC_ARC = YES;
				CLANG_ENABLE_OBJC_WEAK = YES;
				CLANG_WARN_BLOCK_CAPTURE_AUTORELEASING = YES;
				CLANG_WARN_BOOL_CONVERSION = YES;
				CLANG_WARN_COMMA = YES;
				CLANG_WARN_CONSTANT_CONVERSION = YES;
				CLANG_WARN_DEPRECATED_OBJC_IMPLEMENTATIONS = YES;
				CLANG_WARN_DIRECT_OBJC_ISA_USAGE = YES_ERROR;
				CLANG_WARN_DOCUMENTATION_COMMENTS = YES;
				CLANG_WARN_EMPTY_BODY = YES;
				CLANG_WARN_ENUM_CONVERSION = YES;
				CLANG_WARN_INFINITE_RECURSION = YES;
				CLANG_WARN_INT_CONVERSION = YES;
				CLANG_WARN_NON_LITERAL_NULL_CONVERSION = YES;
				CLANG_WARN_OBJC_IMPLICIT_RETAIN_SELF = YES;
				CLANG_WARN_OBJC_LITERAL_CONVERSION = YES;
				CLANG_WARN_OBJC_ROOT_CLASS = YES_ERROR;
				CLANG_WARN_QUOTED_INCLUDE_IN_FRAMEWORK_HEADER = YES;
				CLANG_WARN_RANGE_LOOP_ANALYSIS = YES;
				CLANG_WARN_STRICT_PROTOTYPES = YES;
				CLANG_WARN_SUSPICIOUS_MOVE = YES;
				CLANG_WARN_UNGUARDED_AVAILABILITY = YES_AGGRESSIVE;
				CLANG_WARN_UNREACHABLE_CODE = YES;
				CLANG_WARN__DUPLICATE_METHOD_MATCH = YES;
				COPY_PHASE_STRIP = NO;
				DEBUG_INFORMATION_FORMAT = "dwarf-with-dsym";
				ENABLE_NS_ASSERTIONS = NO;
				ENABLE_STRICT_OBJC_MSGSEND = YES;
				GCC_C_LANGUAGE_STANDARD = gnu11;
				GCC_NO_COMMON_BLOCKS = YES;
				GCC_WARN_64_TO_32_BIT_CONVERSION = YES;
				GCC_WARN_ABOUT_RETURN_TYPE = YES_ERROR;
				GCC_WARN_UNDECLARED_SELECTOR = YES;
				GCC_WARN_UNINITIALIZED_AUTOS = YES_AGGRESSIVE;
				GCC_WARN_UNUSED_FUNCTION = YES;
				GCC_WARN_UNUSED_VARIABLE = YES;
				IPHONEOS_DEPLOYMENT_TARGET = 14.4;
				MTL_ENABLE_DEBUG_INFO = NO;
				MTL_FAST_MATH = YES;
				SDKROOT = iphoneos;
				SWIFT_COMPILATION_MODE = wholemodule;
				SWIFT_OPTIMIZATION_LEVEL = "-O";
				VALIDATE_PRODUCT = YES;
			};
			name = Release;
		};
		A8415A34267819F90057170E /* Debug */ = {
			isa = XCBuildConfiguration;
			buildSettings = {
				ASSETCATALOG_COMPILER_APPICON_NAME = AppIcon;
				ASSETCATALOG_COMPILER_GLOBAL_ACCENT_COLOR_NAME = AccentColor;
				CODE_SIGN_STYLE = Automatic;
				DEVELOPMENT_ASSET_PATHS = "\"Bullseye/Preview Content\"";
				DEVELOPMENT_TEAM = L55NV7NS3V;
				ENABLE_PREVIEWS = YES;
				INFOPLIST_FILE = Bullseye/App/Info.plist;
				IPHONEOS_DEPLOYMENT_TARGET = 14.0;
				LD_RUNPATH_SEARCH_PATHS = (
					"$(inherited)",
					"@executable_path/Frameworks",
				);
				PRODUCT_BUNDLE_IDENTIFIER = com.rijidco.Bullseye;
				PRODUCT_NAME = "$(TARGET_NAME)";
				SWIFT_VERSION = 5.0;
				TARGETED_DEVICE_FAMILY = "1,2";
			};
			name = Debug;
		};
		A8415A35267819F90057170E /* Release */ = {
			isa = XCBuildConfiguration;
			buildSettings = {
				ASSETCATALOG_COMPILER_APPICON_NAME = AppIcon;
				ASSETCATALOG_COMPILER_GLOBAL_ACCENT_COLOR_NAME = AccentColor;
				CODE_SIGN_STYLE = Automatic;
				DEVELOPMENT_ASSET_PATHS = "\"Bullseye/Preview Content\"";
				DEVELOPMENT_TEAM = L55NV7NS3V;
				ENABLE_PREVIEWS = YES;
				INFOPLIST_FILE = Bullseye/App/Info.plist;
				IPHONEOS_DEPLOYMENT_TARGET = 14.0;
				LD_RUNPATH_SEARCH_PATHS = (
					"$(inherited)",
					"@executable_path/Frameworks",
				);
				PRODUCT_BUNDLE_IDENTIFIER = com.rijidco.Bullseye;
				PRODUCT_NAME = "$(TARGET_NAME)";
				SWIFT_VERSION = 5.0;
				TARGETED_DEVICE_FAMILY = "1,2";
			};
			name = Release;
		};
/* End XCBuildConfiguration section */

/* Begin XCConfigurationList section */
		A817EDDD267A55FF00B037A3 /* Build configuration list for PBXNativeTarget "BullseyeTests" */ = {
			isa = XCConfigurationList;
			buildConfigurations = (
				A817EDDE267A55FF00B037A3 /* Debug */,
				A817EDDF267A55FF00B037A3 /* Release */,
			);
			defaultConfigurationIsVisible = 0;
			defaultConfigurationName = Release;
		};
		A8415A1F267819F80057170E /* Build configuration list for PBXProject "Bullseye" */ = {
			isa = XCConfigurationList;
			buildConfigurations = (
				A8415A31267819F90057170E /* Debug */,
				A8415A32267819F90057170E /* Release */,
			);
			defaultConfigurationIsVisible = 0;
			defaultConfigurationName = Release;
		};
		A8415A33267819F90057170E /* Build configuration list for PBXNativeTarget "Bullseye" */ = {
			isa = XCConfigurationList;
			buildConfigurations = (
				A8415A34267819F90057170E /* Debug */,
				A8415A35267819F90057170E /* Release */,
			);
			defaultConfigurationIsVisible = 0;
			defaultConfigurationName = Release;
		};
/* End XCConfigurationList section */
	};
	rootObject = A8415A1C267819F80057170E /* Project object */;
}
